
Microsoft Visual Studio Solution File, Format Version 12.00
# Visual Studio Version 17
VisualStudioVersion = 17.9.34622.214
MinimumVisualStudioVersion = 10.0.40219.1
Project("{FAE04EC0-301F-11D3-BF4B-00C04F79EFBC}") = "TASK1 MARKS LIST", "TASK1 MARKS LIST\TASK1 MARKS LIST.csproj", "{A59B78F3-415F-455B-A133-7E4CF397880C}"
EndProject
Global
	GlobalSection(SolutionConfigurationPlatforms) = preSolution
		Debug|Any CPU = Debug|Any CPU
		Release|Any CPU = Release|Any CPU
	EndGlobalSection
	GlobalSection(ProjectConfigurationPlatforms) = postSolution
		{A59B78F3-415F-455B-A133-7E4CF397880C}.Debug|Any CPU.ActiveCfg = Debug|Any CPU
		{A59B78F3-415F-455B-A133-7E4CF397880C}.Debug|Any CPU.Build.0 = Debug|Any CPU
		{A59B78F3-415F-455B-A133-7E4CF397880C}.Release|Any CPU.ActiveCfg = Release|Any CPU
		{A59B78F3-415F-455B-A133-7E4CF397880C}.Release|Any CPU.Build.0 = Release|Any CPU
	EndGlobalSection
	GlobalSection(SolutionProperties) = preSolution
		HideSolutionNode = FALSE
	EndGlobalSection
	GlobalSection(ExtensibilityGlobals) = postSolution
		SolutionGuid = {8C375901-9A9C-497E-8158-100210F086AA}
	EndGlobalSection
EndGlobal
